
Microsoft Visual Studio Solution File, Format Version 12.00
# Visual Studio Version 16
VisualStudioVersion = 16.0.30804.86
MinimumVisualStudioVersion = 10.0.40219.1
Project("{FAE04EC0-301F-11D3-BF4B-00C04F79EFBC}") = "Integration", "Integration\Integration.csproj", "{B44A374A-14ED-416F-8717-C1352B360ED4}"
EndProject
Global
	GlobalSection(SolutionConfigurationPlatforms) = preSolution
		Debug|Any CPU = Debug|Any CPU
		Release|Any CPU = Release|Any CPU
	EndGlobalSection
	GlobalSection(ProjectConfigurationPlatforms) = postSolution
		{B44A374A-14ED-416F-8717-C1352B360ED4}.Debug|Any CPU.ActiveCfg = Debug|Any CPU
		{B44A374A-14ED-416F-8717-C1352B360ED4}.Debug|Any CPU.Build.0 = Debug|Any CPU
		{B44A374A-14ED-416F-8717-C1352B360ED4}.Release|Any CPU.ActiveCfg = Release|Any CPU
		{B44A374A-14ED-416F-8717-C1352B360ED4}.Release|Any CPU.Build.0 = Release|Any CPU
	EndGlobalSection
	GlobalSection(SolutionProperties) = preSolution
		HideSolutionNode = FALSE
	EndGlobalSection
	GlobalSection(ExtensibilityGlobals) = postSolution
		SolutionGuid = {043D5561-9535-490E-87EE-B08A6F06280A}
	EndGlobalSection
EndGlobal
